<!doctype html>
<html lang="en" dir="ltr">
  <head>
    <meta charset="UTF-8" />
    <meta name="viewport" content="width=device-width, initial-scale=1.0" />
    <meta name="theme-color" content="#394959" />

    <title>Dr. Ziad Mohamed Math IG</title>
    <meta name="description" content="Dr. Ziad Mohamed Math IG is an online math learning platform with interactive assignments, skill-building exercises, and detailed analytics for students, teachers, and parents." />
    <meta name="keywords" content="math, online learning, math exercises, assignments, skills, analytics, Dr. Ziad Mohamed, mathematics" />

    <link rel="icon" type="image/png" href="/square_logo.png" />
    <link rel="canonical" href="https://drzeyadmohamedmath.com/" />
    <link rel="preload" href="/square_logo.png" as="image" fetchpriority="high" />
    <link rel="preload" href="/logo_no_bg@149w.png" as="image" />
    <link rel="preload" href="https://fonts.gstatic.com/s/outfit/v15/QGYvz_MVcBeNP4NJtEtq.woff2" as="font" type="font/woff2" crossorigin />

    <link rel="preconnect" href="https://fonts.googleapis.com" />
    <link rel="preconnect" href="https://fonts.gstatic.com" crossorigin />
    <link rel="stylesheet" href="https://fonts.googleapis.com/css2?family=Cairo:wght@400;500;600;700;800&family=Outfit:wght@400;500;600;700;800&display=swap" media="print" onload="this.media='all'" />
    <noscript><link rel="stylesheet" href="https://fonts.googleapis.com/css2?family=Cairo:wght@400;500;600;700;800&family=Outfit:wght@400;500;600;700;800&display=swap" /></noscript>

    <meta property="og:type" content="website" />
    <meta property="og:title" content="Dr. Ziad Mohamed Math IG — Online Math Learning Platform" />
    <meta property="og:description" content="Interactive math assignments, skill-building exercises, and detailed analytics for students, teachers, and parents." />
    <meta property="og:image" content="https://drzeyadmohamedmath.com/square_logo.png" />
    <meta property="og:url" content="https://drzeyadmohamedmath.com/" />
    <meta property="og:locale" content="en_US" />
    <meta property="og:site_name" content="Dr. Ziad Mohamed Math IG" />

    <meta name="twitter:card" content="summary" />
    <meta name="twitter:title" content="Dr. Ziad Mohamed Math IG — Online Math Learning Platform" />
    <meta name="twitter:description" content="Interactive math assignments, skill-building exercises, and detailed analytics for students, teachers, and parents." />
    <meta name="twitter:image" content="https://drzeyadmohamedmath.com/square_logo.png" />
  </head>
  <body>
    <div id="root"></div>
    <script type="module" src="/src/main.tsx"></script>
  </body>
</html>
